
Microsoft Visual Studio Solution File, Format Version 12.00
# Visual Studio Version 16
VisualStudioVersion = 16.0.30225.117
MinimumVisualStudioVersion = 10.0.40219.1
Project("{FAE04EC0-301F-11D3-BF4B-00C04F79EFBC}") = "LeagueHistory", "LeagueHistory\LeagueHistory.csproj", "{7B941974-78C6-4036-AD2F-756F91A29B60}"
EndProject
Project("{2150E333-8FDC-42A3-9474-1A3956D46DE8}") = "Solution Items", "Solution Items", "{9427E27D-53BA-4236-8C85-465BF621B8F4}"
	ProjectSection(SolutionItems) = preProject
		.editorconfig = .editorconfig
	EndProjectSection
EndProject
Global
	GlobalSection(SolutionConfigurationPlatforms) = preSolution
		Debug|Any CPU = Debug|Any CPU
		Release|Any CPU = Release|Any CPU
	EndGlobalSection
	GlobalSection(ProjectConfigurationPlatforms) = postSolution
		{7B941974-78C6-4036-AD2F-756F91A29B60}.Debug|Any CPU.ActiveCfg = Debug|Any CPU
		{7B941974-78C6-4036-AD2F-756F91A29B60}.Debug|Any CPU.Build.0 = Debug|Any CPU
		{7B941974-78C6-4036-AD2F-756F91A29B60}.Release|Any CPU.ActiveCfg = Release|Any CPU
		{7B941974-78C6-4036-AD2F-756F91A29B60}.Release|Any CPU.Build.0 = Release|Any CPU
	EndGlobalSection
	GlobalSection(SolutionProperties) = preSolution
		HideSolutionNode = FALSE
	EndGlobalSection
	GlobalSection(ExtensibilityGlobals) = postSolution
		SolutionGuid = {3E552DBA-1C23-46C5-B4C7-83BF66BAA7A2}
	EndGlobalSection
EndGlobal
